# This file is @generated by PDM.
# It is not intended for manual editing.

[[package]]
name = "argdantic"
version = "0.3.0"
summary = "Typed command line interfaces with argparse and pydantic"
dependencies = [
    "pydantic>=1.10.0",
]

[[package]]
name = "boto3"
version = "1.26.87"
requires_python = ">= 3.7"
summary = "The AWS SDK for Python"
dependencies = [
    "botocore<1.30.0,>=1.29.87",
    "jmespath<2.0.0,>=0.7.1",
    "s3transfer<0.7.0,>=0.6.0",
]

[[package]]
name = "botocore"
version = "1.29.87"
requires_python = ">= 3.7"
summary = "Low-level, data-driven core of boto 3."
dependencies = [
    "jmespath<2.0.0,>=0.7.1",
    "python-dateutil<3.0.0,>=2.1",
    "urllib3<1.27,>=1.25.4",
]

[[package]]
name = "certifi"
version = "2022.12.7"
requires_python = ">=3.6"
summary = "Python package for providing Mozilla's CA Bundle."

[[package]]
name = "charset-normalizer"
version = "3.1.0"
requires_python = ">=3.7.0"
summary = "The Real First Universal Charset Detector. Open, modern and actively maintained alternative to Chardet."

[[package]]
name = "idna"
version = "3.4"
requires_python = ">=3.5"
summary = "Internationalized Domain Names in Applications (IDNA)"

[[package]]
name = "jmespath"
version = "1.0.1"
requires_python = ">=3.7"
summary = "JSON Matching Expressions"

[[package]]
name = "pydantic"
version = "1.10.6"
requires_python = ">=3.7"
summary = "Data validation and settings management using python type hints"
dependencies = [
    "typing-extensions>=4.2.0",
]

[[package]]
name = "python-dateutil"
version = "2.8.2"
requires_python = "!=3.0.*,!=3.1.*,!=3.2.*,>=2.7"
summary = "Extensions to the standard Python datetime module"
dependencies = [
    "six>=1.5",
]

[[package]]
name = "requests"
version = "2.28.2"
requires_python = ">=3.7, <4"
summary = "Python HTTP for Humans."
dependencies = [
    "certifi>=2017.4.17",
    "charset-normalizer<4,>=2",
    "idna<4,>=2.5",
    "urllib3<1.27,>=1.21.1",
]

[[package]]
name = "s3transfer"
version = "0.6.0"
requires_python = ">= 3.7"
summary = "An Amazon S3 Transfer Manager"
dependencies = [
    "botocore<2.0a.0,>=1.12.36",
]

[[package]]
name = "six"
version = "1.16.0"
requires_python = ">=2.7, !=3.0.*, !=3.1.*, !=3.2.*"
summary = "Python 2 and 3 compatibility utilities"

[[package]]
name = "typing-extensions"
version = "4.5.0"
requires_python = ">=3.7"
summary = "Backported and Experimental Type Hints for Python 3.7+"

[[package]]
name = "urllib3"
version = "1.26.14"
requires_python = ">=2.7, !=3.0.*, !=3.1.*, !=3.2.*, !=3.3.*, !=3.4.*, !=3.5.*"
summary = "HTTP library with thread-safe connection pooling, file post, and more."

[[package]]
name = "watchdog"
version = "2.3.1"
requires_python = ">=3.6"
summary = "Filesystem events monitoring"

[metadata]
lock_version = "4.1"
content_hash = "sha256:f84d5e08adef6cb74c154281a0e2e7100f497fb2b5f360b74e29cf79232c6693"

[metadata.files]
"argdantic 0.3.0" = [
    {url = "https://files.pythonhosted.org/packages/61/b7/9153261a7a9c79ea07489b4785812721c318660738caf02482d1c89efb91/argdantic-0.3.0-py2.py3-none-any.whl", hash = "sha256:90efa78ae8bc50f41e6d98589b7378ec6e3fe06bddf6c8677adadabd9a695d7e"},
    {url = "https://files.pythonhosted.org/packages/8c/f9/ff8c7fd001220c58f8de10a57ed90029117e8c30885c3fe657a048b87cf9/argdantic-0.3.0.tar.gz", hash = "sha256:84cabf7f997d4fa959a7b14cbc019ebd27c7c30695e0fc2beb00758880c6064d"},
]
"boto3 1.26.87" = [
    {url = "https://files.pythonhosted.org/packages/7e/60/8778d71c827e14965a141e1b605d67da9e9b9924ec837bdff4e60d4c54f7/boto3-1.26.87.tar.gz", hash = "sha256:b0f7e801d6d5cb96ed89e1d39326bb072b5d9175bb6c986850c77b640474d297"},
    {url = "https://files.pythonhosted.org/packages/81/d8/6f30c492400e6ba37446f7c92be965e3daab3072749779d228909c07cfaa/boto3-1.26.87-py3-none-any.whl", hash = "sha256:7cf46d6aa67487ae5dc43a7bd10e1ebe9b8c442c7f32f7fea259cd3df6eeb52d"},
]
"botocore 1.29.87" = [
    {url = "https://files.pythonhosted.org/packages/90/e8/19b4b72b31265cefd4fe2498b91ce7556171f0e4b2a2cb640ca9be576554/botocore-1.29.87.tar.gz", hash = "sha256:2b981c3ebb347bdf2a8c3c0ce7e7712c76bfe43ae87d30776a3ab469e305f469"},
    {url = "https://files.pythonhosted.org/packages/91/19/49be9aff84e0031b07d9c70fb568da5bc30fd3fa62ae57385f93fccb7dde/botocore-1.29.87-py3-none-any.whl", hash = "sha256:f4066e1ce1fd8790e872c70deede5d7abd94c87dcdb12892b4359245fed927f9"},
]
"certifi 2022.12.7" = [
    {url = "https://files.pythonhosted.org/packages/37/f7/2b1b0ec44fdc30a3d31dfebe52226be9ddc40cd6c0f34ffc8923ba423b69/certifi-2022.12.7.tar.gz", hash = "sha256:35824b4c3a97115964b408844d64aa14db1cc518f6562e8d7261699d1350a9e3"},
    {url = "https://files.pythonhosted.org/packages/71/4c/3db2b8021bd6f2f0ceb0e088d6b2d49147671f25832fb17970e9b583d742/certifi-2022.12.7-py3-none-any.whl", hash = "sha256:4ad3232f5e926d6718ec31cfc1fcadfde020920e278684144551c91769c7bc18"},
]
"charset-normalizer 3.1.0" = [
    {url = "https://files.pythonhosted.org/packages/00/47/f14533da238134f5067fb1d951eb03d5c4be895d6afb11c7ebd07d111acb/charset_normalizer-3.1.0-cp37-cp37m-manylinux_2_17_x86_64.manylinux2014_x86_64.whl", hash = "sha256:3a5fc78f9e3f501a1614a98f7c54d3969f3ad9bba8ba3d9b438c3bc5d047dd28"},
    {url = "https://files.pythonhosted.org/packages/01/c7/0407de35b70525dba2a58a2724a525cf882ee76c3d2171d834463c5d2881/charset_normalizer-3.1.0-cp38-cp38-manylinux_2_17_aarch64.manylinux2014_aarch64.whl", hash = "sha256:3573d376454d956553c356df45bb824262c397c6e26ce43e8203c4c540ee0acb"},
    {url = "https://files.pythonhosted.org/packages/05/f3/86b5fcb5c8fe8b4231362918a7c4d8f549c56561c5fdb495a3c5b41c6862/charset_normalizer-3.1.0-cp310-cp310-win_amd64.whl", hash = "sha256:65ed923f84a6844de5fd29726b888e58c62820e0769b76565480e1fdc3d062f8"},
    {url = "https://files.pythonhosted.org/packages/07/6b/98d41a0221991a806e88c95bfeecf8935fbf465b02eb4b469770d572183a/charset_normalizer-3.1.0-cp37-cp37m-win32.whl", hash = "sha256:4155b51ae05ed47199dc5b2a4e62abccb274cee6b01da5b895099b61b1982974"},
    {url = "https://files.pythonhosted.org/packages/0a/67/8d3d162ec6641911879651cdef670c3c6136782b711d7f8e82e2fffe06e0/charset_normalizer-3.1.0-cp311-cp311-macosx_10_9_x86_64.whl", hash = "sha256:6734e606355834f13445b6adc38b53c0fd45f1a56a9ba06c2058f86893ae8017"},
    {url = "https://files.pythonhosted.org/packages/12/12/c5c39f5a149cd6788d2e40cea5618bae37380e2754fcdf53dc9e01bdd33a/charset_normalizer-3.1.0-cp311-cp311-manylinux_2_17_ppc64le.manylinux2014_ppc64le.whl", hash = "sha256:3dc5b6a8ecfdc5748a7e429782598e4f17ef378e3e272eeb1340ea57c9109f41"},
    {url = "https://files.pythonhosted.org/packages/12/68/4812f9b05ac0a2b7619ac3dd7d7e3fc52c12006b84617021c615fc2fcf42/charset_normalizer-3.1.0-cp39-cp39-macosx_10_9_universal2.whl", hash = "sha256:38e812a197bf8e71a59fe55b757a84c1f946d0ac114acafaafaf21667a7e169e"},
    {url = "https://files.pythonhosted.org/packages/13/b7/21729a6d512246aa0bb872b90aea0d9fcd1b293762cdb1d1d33c01140074/charset_normalizer-3.1.0-cp38-cp38-musllinux_1_1_aarch64.whl", hash = "sha256:f645caaf0008bacf349875a974220f1f1da349c5dbe7c4ec93048cdc785a3326"},
    {url = "https://files.pythonhosted.org/packages/16/58/19fd2f62e6ff44ba0db0cd44b584790555e2cde09293149f4409d654811b/charset_normalizer-3.1.0-cp311-cp311-manylinux_2_5_i686.manylinux1_i686.manylinux_2_17_i686.manylinux2014_i686.whl", hash = "sha256:b82fab78e0b1329e183a65260581de4375f619167478dddab510c6c6fb04d9b6"},
    {url = "https://files.pythonhosted.org/packages/18/36/7ae10a3dd7f9117b61180671f8d1e4802080cca88ad40aaabd3dad8bab0e/charset_normalizer-3.1.0-cp311-cp311-manylinux_2_17_x86_64.manylinux2014_x86_64.whl", hash = "sha256:0ca564606d2caafb0abe6d1b5311c2649e8071eb241b2d64e75a0d0065107e62"},
    {url = "https://files.pythonhosted.org/packages/1c/9b/de2adc43345623da8e7c958719528a42b6d87d2601017ce1187d43b8a2d7/charset_normalizer-3.1.0-cp39-cp39-musllinux_1_1_i686.whl", hash = "sha256:10c93628d7497c81686e8e5e557aafa78f230cd9e77dd0c40032ef90c18f2230"},
    {url = "https://files.pythonhosted.org/packages/1f/be/c6c76cf8fcf6918922223203c83ba8192eff1c6a709e8cfec7f5ca3e7d2d/charset_normalizer-3.1.0-cp39-cp39-manylinux_2_17_s390x.manylinux2014_s390x.whl", hash = "sha256:d16fd5252f883eb074ca55cb622bc0bee49b979ae4e8639fff6ca3ff44f9f854"},
    {url = "https://files.pythonhosted.org/packages/21/16/1b0d8fdcb81bbf180976af4f867ce0f2244d303ab10d452fde361dec3b5c/charset_normalizer-3.1.0-cp311-cp311-musllinux_1_1_i686.whl", hash = "sha256:11d117e6c63e8f495412d37e7dc2e2fff09c34b2d09dbe2bee3c6229577818be"},
    {url = "https://files.pythonhosted.org/packages/23/13/cf5d7bb5bc95f120df64d6c470581189df51d7f011560b2a06a395b7a120/charset_normalizer-3.1.0-cp310-cp310-musllinux_1_1_ppc64le.whl", hash = "sha256:b06f0d3bf045158d2fb8837c5785fe9ff9b8c93358be64461a1089f5da983137"},
    {url = "https://files.pythonhosted.org/packages/26/20/83e1804a62b25891c4e770c94d9fd80233bbb3f2a51c4fadee7a196e5a5b/charset_normalizer-3.1.0-cp38-cp38-win_amd64.whl", hash = "sha256:3160a0fd9754aab7d47f95a6b63ab355388d890163eb03b2d2b87ab0a30cfa59"},
    {url = "https://files.pythonhosted.org/packages/2c/2f/ec805104098085728b7cb610deede7195c6fa59f51942422f02cc427b6f6/charset_normalizer-3.1.0-cp38-cp38-manylinux_2_5_i686.manylinux1_i686.manylinux_2_17_i686.manylinux2014_i686.whl", hash = "sha256:1c60b9c202d00052183c9be85e5eaf18a4ada0a47d188a83c8f5c5b23252f649"},
    {url = "https://files.pythonhosted.org/packages/2e/25/3eab2b38fef9ae59f7b4e9c1e62eb50609d911867e5acabace95fe25c0b1/charset_normalizer-3.1.0-cp310-cp310-win32.whl", hash = "sha256:12d1a39aa6b8c6f6248bb54550efcc1c38ce0d8096a146638fd4738e42284448"},
    {url = "https://files.pythonhosted.org/packages/31/8b/81c3515a69d06b501fcce69506af57a7a19bd9f42cabd1a667b1b40f2c55/charset_normalizer-3.1.0-cp38-cp38-musllinux_1_1_ppc64le.whl", hash = "sha256:80d1543d58bd3d6c271b66abf454d437a438dff01c3e62fdbcd68f2a11310d4b"},
    {url = "https://files.pythonhosted.org/packages/33/10/c87ba15f779f8251ae55fa147631339cd91e7af51c3c133d2687c6e41800/charset_normalizer-3.1.0-cp38-cp38-musllinux_1_1_i686.whl", hash = "sha256:ea9f9c6034ea2d93d9147818f17c2a0860d41b71c38b9ce4d55f21b6f9165a11"},
    {url = "https://files.pythonhosted.org/packages/33/97/9967fb2d364a9da38557e4af323abcd58cc05bdd8f77e9fd5ae4882772cc/charset_normalizer-3.1.0-cp39-cp39-manylinux_2_17_x86_64.manylinux2014_x86_64.whl", hash = "sha256:21fa558996782fc226b529fdd2ed7866c2c6ec91cee82735c98a197fae39f706"},
    {url = "https://files.pythonhosted.org/packages/45/3d/fa2683f5604f99fba5098a7313e5d4846baaecbee754faf115907f21a85f/charset_normalizer-3.1.0-cp39-cp39-manylinux_2_17_ppc64le.manylinux2014_ppc64le.whl", hash = "sha256:b116502087ce8a6b7a5f1814568ccbd0e9f6cfd99948aa59b0e241dc57cf739f"},
    {url = "https://files.pythonhosted.org/packages/4e/11/f7077d78b18aca8ea3186a706c0221aa2bc34c442a3d3bdf3ad401a29052/charset_normalizer-3.1.0-cp39-cp39-musllinux_1_1_aarch64.whl", hash = "sha256:ac3775e3311661d4adace3697a52ac0bab17edd166087d493b52d4f4f553f9f0"},
    {url = "https://files.pythonhosted.org/packages/4f/18/92866f050f7114ba38aba4f4a69f83cc2a25dc2e5a8af4b44fd1bfd6d528/charset_normalizer-3.1.0-cp37-cp37m-musllinux_1_1_aarch64.whl", hash = "sha256:74db0052d985cf37fa111828d0dd230776ac99c740e1a758ad99094be4f1803d"},
    {url = "https://files.pythonhosted.org/packages/4f/7c/af43743567a7da2a069b4f9fa31874c3c02b963cd1fb84fe1e7568a567e6/charset_normalizer-3.1.0-cp39-cp39-musllinux_1_1_ppc64le.whl", hash = "sha256:6f4f4668e1831850ebcc2fd0b1cd11721947b6dc7c00bf1c6bd3c929ae14f2c7"},
    {url = "https://files.pythonhosted.org/packages/4f/a2/9031ba4a008e11a21d7b7aa41751290d2f2035a2f14ecb6e589771a17c47/charset_normalizer-3.1.0-cp310-cp310-macosx_10_9_universal2.whl", hash = "sha256:e0ac8959c929593fee38da1c2b64ee9778733cdf03c482c9ff1d508b6b593b2b"},
    {url = "https://files.pythonhosted.org/packages/56/24/5f2dedcf3d0673931b6200c410832ae44b376848bc899dbf1fa6c91c4ebe/charset_normalizer-3.1.0-cp311-cp311-musllinux_1_1_x86_64.whl", hash = "sha256:cb7b2ab0188829593b9de646545175547a70d9a6e2b63bf2cd87a0a391599324"},
    {url = "https://files.pythonhosted.org/packages/5d/2b/4d8c80400c04ae3c8dbc847de092e282b5c7b17f8f9505d68bb3e5815c71/charset_normalizer-3.1.0-cp311-cp311-musllinux_1_1_ppc64le.whl", hash = "sha256:cf6511efa4801b9b38dc5546d7547d5b5c6ef4b081c60b23e4d941d0eba9cbeb"},
    {url = "https://files.pythonhosted.org/packages/61/e3/ad9ae58b28482d1069eba1edec2be87701f5dd6fd6024a665020d66677a0/charset_normalizer-3.1.0-cp37-cp37m-manylinux_2_5_i686.manylinux1_i686.manylinux_2_17_i686.manylinux2014_i686.whl", hash = "sha256:628c985afb2c7d27a4800bfb609e03985aaecb42f955049957814e0491d4006d"},
    {url = "https://files.pythonhosted.org/packages/67/30/dbab1fe5ab2ce5d3d517ad9936170d896e9687f3860a092519f1fe359812/charset_normalizer-3.1.0-cp38-cp38-manylinux_2_17_ppc64le.manylinux2014_ppc64le.whl", hash = "sha256:e89df2958e5159b811af9ff0f92614dabf4ff617c03a4c1c6ff53bf1c399e0e1"},
    {url = "https://files.pythonhosted.org/packages/67/df/660e9665ace7ad711e275194a86cb757fb4d4e513fae5ff3d39573db4984/charset_normalizer-3.1.0-cp310-cp310-macosx_10_9_x86_64.whl", hash = "sha256:d7fc3fca01da18fbabe4625d64bb612b533533ed10045a2ac3dd194bfa656b60"},
    {url = "https://files.pythonhosted.org/packages/68/77/af702eba147ba963b27eb00832cef6b8c4cb9fcf7404a476993876434b93/charset_normalizer-3.1.0-cp38-cp38-musllinux_1_1_s390x.whl", hash = "sha256:73dc03a6a7e30b7edc5b01b601e53e7fc924b04e1835e8e407c12c037e81adbd"},
    {url = "https://files.pythonhosted.org/packages/69/22/66351781e668158feef71c5e3b059a79ecc9efc3ef84a45888b0f3a933d5/charset_normalizer-3.1.0-cp310-cp310-manylinux_2_17_ppc64le.manylinux2014_ppc64le.whl", hash = "sha256:1435ae15108b1cb6fffbcea2af3d468683b7afed0169ad718451f8db5d1aff6f"},
    {url = "https://files.pythonhosted.org/packages/6d/59/59a3f4d8a59ee270da77f9e954a0e284c9d6884d39ec69d696d9aa5ff2f2/charset_normalizer-3.1.0-cp310-cp310-manylinux_2_17_aarch64.manylinux2014_aarch64.whl", hash = "sha256:20064ead0717cf9a73a6d1e779b23d149b53daf971169289ed2ed43a71e8d3b0"},
    {url = "https://files.pythonhosted.org/packages/72/90/667a6bc6abe42fc10adf4cd2c1e1c399d78e653dbac4c8018350843d4ab7/charset_normalizer-3.1.0-cp310-cp310-manylinux_2_17_s390x.manylinux2014_s390x.whl", hash = "sha256:c84132a54c750fda57729d1e2599bb598f5fa0344085dbde5003ba429a4798c0"},
    {url = "https://files.pythonhosted.org/packages/74/5f/361202de730532028458b729781b8435f320e31a622c27f30e25eec80513/charset_normalizer-3.1.0-cp38-cp38-manylinux_2_17_x86_64.manylinux2014_x86_64.whl", hash = "sha256:de5695a6f1d8340b12a5d6d4484290ee74d61e467c39ff03b39e30df62cf83a0"},
    {url = "https://files.pythonhosted.org/packages/74/f1/d0b8385b574f7e086fb6709e104b696707bd3742d54a6caf0cebbb7e975b/charset_normalizer-3.1.0-cp310-cp310-musllinux_1_1_s390x.whl", hash = "sha256:49919f8400b5e49e961f320c735388ee686a62327e773fa5b3ce6721f7e785ce"},
    {url = "https://files.pythonhosted.org/packages/76/ad/516fed8ffaf02e7a01cd6f6e9d101a6dec64d4db53bec89d30802bf30a96/charset_normalizer-3.1.0-cp38-cp38-win32.whl", hash = "sha256:12a2b561af122e3d94cdb97fe6fb2bb2b82cef0cdca131646fdb940a1eda04f0"},
    {url = "https://files.pythonhosted.org/packages/82/b9/51b66a647be8685dee75b7807e0f750edf5c1e4f29bc562ad285c501e3c7/charset_normalizer-3.1.0-cp37-cp37m-musllinux_1_1_x86_64.whl", hash = "sha256:d2686f91611f9e17f4548dbf050e75b079bbc2a82be565832bc8ea9047b61c8c"},
    {url = "https://files.pythonhosted.org/packages/84/23/f60cda6c70ae922ad78368982f06e7fef258fba833212f26275fe4727dc4/charset_normalizer-3.1.0-cp37-cp37m-musllinux_1_1_s390x.whl", hash = "sha256:dd5653e67b149503c68c4018bf07e42eeed6b4e956b24c00ccdf93ac79cdff84"},
    {url = "https://files.pythonhosted.org/packages/85/e8/18d408d8fe29a56012c10d6b15960940b83f06620e9d7481581cdc6d9901/charset_normalizer-3.1.0-cp311-cp311-macosx_11_0_arm64.whl", hash = "sha256:f8303414c7b03f794347ad062c0516cee0e15f7a612abd0ce1e25caf6ceb47df"},
    {url = "https://files.pythonhosted.org/packages/94/70/23981e7bf098efbc4037e7c66d28a10e950d9296c08c6dea8ef290f9c79e/charset_normalizer-3.1.0-cp39-cp39-manylinux_2_5_i686.manylinux1_i686.manylinux_2_17_i686.manylinux2014_i686.whl", hash = "sha256:6f6c7a8a57e9405cad7485f4c9d3172ae486cfef1344b5ddd8e5239582d7355e"},
    {url = "https://files.pythonhosted.org/packages/9a/f1/ff81439aa09070fee64173e6ca6ce1342f2b1cca997bcaae89e443812684/charset_normalizer-3.1.0-cp37-cp37m-manylinux_2_17_s390x.manylinux2014_s390x.whl", hash = "sha256:c3af8e0f07399d3176b179f2e2634c3ce9c1301379a6b8c9c9aeecd481da494f"},
    {url = "https://files.pythonhosted.org/packages/9e/62/a1e0a8f8830c92014602c8a88a1a20b8a68d636378077381f671e6e1cec9/charset_normalizer-3.1.0-cp311-cp311-manylinux_2_17_aarch64.manylinux2014_aarch64.whl", hash = "sha256:aaf53a6cebad0eae578f062c7d462155eada9c172bd8c4d250b8c1d8eb7f916a"},
    {url = "https://files.pythonhosted.org/packages/a2/6c/5167f08da5298f383036c33cb749ab5b3405fd07853edc8314c6882c01b8/charset_normalizer-3.1.0-cp39-cp39-musllinux_1_1_s390x.whl", hash = "sha256:0be65ccf618c1e7ac9b849c315cc2e8a8751d9cfdaa43027d4f6624bd587ab7e"},
    {url = "https://files.pythonhosted.org/packages/a4/03/355281b62c26712a50c6a9dd75339d8cdd58488fd7bf2556ba1320ebd315/charset_normalizer-3.1.0-cp37-cp37m-musllinux_1_1_i686.whl", hash = "sha256:1e8fcdd8f672a1c4fc8d0bd3a2b576b152d2a349782d1eb0f6b8e52e9954731d"},
    {url = "https://files.pythonhosted.org/packages/a9/83/138d2624fdbcb62b7e14715eb721d44347e41a1b4c16544661e940793f49/charset_normalizer-3.1.0-cp39-cp39-musllinux_1_1_x86_64.whl", hash = "sha256:53d0a3fa5f8af98a1e261de6a3943ca631c526635eb5817a87a59d9a57ebf48f"},
    {url = "https://files.pythonhosted.org/packages/ac/7f/62d5dff4e9cb993e4b0d4ea78a74cc84d7d92120879529e0ce0965765936/charset_normalizer-3.1.0-cp39-cp39-macosx_11_0_arm64.whl", hash = "sha256:8f25e17ab3039b05f762b0a55ae0b3632b2e073d9c8fc88e89aca31a6198e88f"},
    {url = "https://files.pythonhosted.org/packages/ac/c5/990bc41a98b7fa2677c665737fdf278bb74ad4b199c56b6b564b3d4cbfc5/charset_normalizer-3.1.0-cp38-cp38-macosx_10_9_x86_64.whl", hash = "sha256:3a06f32c9634a8705f4ca9946d667609f52cf130d5548881401f1eb2c39b1e2c"},
    {url = "https://files.pythonhosted.org/packages/ad/83/994bfca99e29f1bab66b9248e739360ee70b5aae0a5ee488cd776501edbc/charset_normalizer-3.1.0-cp311-cp311-win_amd64.whl", hash = "sha256:cca4def576f47a09a943666b8f829606bcb17e2bc2d5911a46c8f8da45f56755"},
    {url = "https://files.pythonhosted.org/packages/b0/55/d8ef4c8c7d2a8b3a16e7d9b03c59475c2ee96a0e0c90b14c99faaac0ee3b/charset_normalizer-3.1.0-cp38-cp38-musllinux_1_1_x86_64.whl", hash = "sha256:6f5c2e7bc8a4bf7c426599765b1bd33217ec84023033672c1e9a8b35eaeaaaf8"},
    {url = "https://files.pythonhosted.org/packages/bb/dc/58fdef3ab85e8e7953a8b89ef1d2c06938b8ad88d9617f22967e1a90e6b8/charset_normalizer-3.1.0-cp310-cp310-manylinux_2_5_i686.manylinux1_i686.manylinux_2_17_i686.manylinux2014_i686.whl", hash = "sha256:11d3bcb7be35e7b1bba2c23beedac81ee893ac9871d0ba79effc7fc01167db6c"},
    {url = "https://files.pythonhosted.org/packages/bc/08/7e7c97399806366ca515a049c3a1e4b644a6a2048bed16e5e67bfaafd0aa/charset_normalizer-3.1.0-cp311-cp311-win32.whl", hash = "sha256:c36bcbc0d5174a80d6cccf43a0ecaca44e81d25be4b7f90f0ed7bcfbb5a00909"},
    {url = "https://files.pythonhosted.org/packages/bc/92/ac692a303e53cdc8852ce72b1ac364b493ca5c9206a5c8db5b30a7f3019c/charset_normalizer-3.1.0-cp39-cp39-win32.whl", hash = "sha256:a04f86f41a8916fe45ac5024ec477f41f886b3c435da2d4e3d2709b22ab02af1"},
    {url = "https://files.pythonhosted.org/packages/c2/35/dfb4032f5712747d3dcfdd19d0768f6d8f60910ae24ed066ecbf442be013/charset_normalizer-3.1.0-cp310-cp310-musllinux_1_1_aarch64.whl", hash = "sha256:891cf9b48776b5c61c700b55a598621fdb7b1e301a550365571e9624f270c203"},
    {url = "https://files.pythonhosted.org/packages/c6/ab/43ea052756b2f2dcb6a131897811c0e2704b0288f090336217d3346cd682/charset_normalizer-3.1.0-cp310-cp310-macosx_11_0_arm64.whl", hash = "sha256:04eefcee095f58eaabe6dc3cc2262f3bcd776d2c67005880894f447b3f2cb9c1"},
    {url = "https://files.pythonhosted.org/packages/c9/8c/a76dd9f2c8803eb147e1e715727f5c3ba0ef39adaadf66a7b3698c113180/charset_normalizer-3.1.0-cp311-cp311-musllinux_1_1_aarch64.whl", hash = "sha256:bd7163182133c0c7701b25e604cf1611c0d87712e56e88e7ee5d72deab3e76b5"},
    {url = "https://files.pythonhosted.org/packages/cc/f6/21a66e524658bd1dd7b89ac9d1ee8f7823f2d9701a2fbc458ab9ede53c63/charset_normalizer-3.1.0-cp310-cp310-manylinux_2_17_x86_64.manylinux2014_x86_64.whl", hash = "sha256:75f2568b4189dda1c567339b48cba4ac7384accb9c2a7ed655cd86b04055c795"},
    {url = "https://files.pythonhosted.org/packages/d1/ff/51fe7e6446415f143b159740c727850172bc35622b2a06dde3354bdebaf3/charset_normalizer-3.1.0-cp39-cp39-win_amd64.whl", hash = "sha256:830d2948a5ec37c386d3170c483063798d7879037492540f10a475e3fd6f244b"},
    {url = "https://files.pythonhosted.org/packages/d5/92/86c0f0e66e897f6818c46dadef328a5b345d061688f9960fc6ca1fd03dbe/charset_normalizer-3.1.0-cp39-cp39-macosx_10_9_x86_64.whl", hash = "sha256:6baf0baf0d5d265fa7944feb9f7451cc316bfe30e8df1a61b1bb08577c554f31"},
    {url = "https://files.pythonhosted.org/packages/d7/4c/37ad75674e8c6bc22ab01bef673d2d6e46ee44203498c9a26aa23959afe5/charset_normalizer-3.1.0-cp311-cp311-manylinux_2_17_s390x.manylinux2014_s390x.whl", hash = "sha256:e1b25e3ad6c909f398df8921780d6a3d120d8c09466720226fc621605b6f92b1"},
    {url = "https://files.pythonhosted.org/packages/d8/ca/a7ff600781bf1e5f702ba26bb82f2ba1d3a873a3f8ad73cc44c79dfaefa9/charset_normalizer-3.1.0-cp38-cp38-macosx_11_0_arm64.whl", hash = "sha256:7381c66e0561c5757ffe616af869b916c8b4e42b367ab29fedc98481d1e74e14"},
    {url = "https://files.pythonhosted.org/packages/dd/39/6276cf5a395ffd39b77dadf0e2fcbfca8dbfe48c56ada250c40086055143/charset_normalizer-3.1.0-cp37-cp37m-manylinux_2_17_ppc64le.manylinux2014_ppc64le.whl", hash = "sha256:ac0aa6cd53ab9a31d397f8303f92c42f534693528fafbdb997c82bae6e477ad9"},
    {url = "https://files.pythonhosted.org/packages/e1/7c/398600268fc98b7e007f5a716bd60903fff1ecff75e45f5700212df5cd76/charset_normalizer-3.1.0-cp311-cp311-macosx_10_9_universal2.whl", hash = "sha256:9a3267620866c9d17b959a84dd0bd2d45719b817245e49371ead79ed4f710d19"},
    {url = "https://files.pythonhosted.org/packages/e1/b4/53678b2a14e0496fc167fe9b9e726ad33d670cfd2011031aa5caeee6b784/charset_normalizer-3.1.0-cp37-cp37m-macosx_10_9_x86_64.whl", hash = "sha256:0c95f12b74681e9ae127728f7e5409cbbef9cd914d5896ef238cc779b8152373"},
    {url = "https://files.pythonhosted.org/packages/e5/aa/9d2d60d6a566423da96c15cd11cbb88a70f9aff9a4db096094ee19179cab/charset_normalizer-3.1.0-cp311-cp311-musllinux_1_1_s390x.whl", hash = "sha256:abc1185d79f47c0a7aaf7e2412a0eb2c03b724581139193d2d82b3ad8cbb00ac"},
    {url = "https://files.pythonhosted.org/packages/e6/98/a3f65f57651da1cecaed91d6f75291995d56c97442fa2a43d2a421139adf/charset_normalizer-3.1.0-cp37-cp37m-win_amd64.whl", hash = "sha256:322102cdf1ab682ecc7d9b1c5eed4ec59657a65e1c146a0da342b78f4112db23"},
    {url = "https://files.pythonhosted.org/packages/ea/38/d31c7906c4be13060c1a5034087966774ef33ab57ff2eee76d71265173c3/charset_normalizer-3.1.0-cp38-cp38-macosx_10_9_universal2.whl", hash = "sha256:e633940f28c1e913615fd624fcdd72fdba807bf53ea6925d6a588e84e1151531"},
    {url = "https://files.pythonhosted.org/packages/ef/81/14b3b8f01ddaddad6cdec97f2f599aa2fa466bd5ee9af99b08b7713ccd29/charset_normalizer-3.1.0-py3-none-any.whl", hash = "sha256:3d9098b479e78c85080c98e1e35ff40b4a31d8953102bb0fd7d1b6f8a2111a3d"},
    {url = "https://files.pythonhosted.org/packages/f2/b7/e21e16c98575616f4ce09dc766dbccdac0ca119c176b184d46105e971a84/charset_normalizer-3.1.0-cp37-cp37m-manylinux_2_17_aarch64.manylinux2014_aarch64.whl", hash = "sha256:fca62a8301b605b954ad2e9c3666f9d97f63872aa4efcae5492baca2056b74ab"},
    {url = "https://files.pythonhosted.org/packages/f2/d7/6ee92c11eda3f3c9cac1e059901092bfdf07388be7d2e60ac627527eee62/charset_normalizer-3.1.0-cp310-cp310-musllinux_1_1_i686.whl", hash = "sha256:5f008525e02908b20e04707a4f704cd286d94718f48bb33edddc7d7b584dddc1"},
    {url = "https://files.pythonhosted.org/packages/f4/0a/8c03913ed1eca9d831db0c28759edb6ce87af22bb55dbc005a52525a75b6/charset_normalizer-3.1.0-cp310-cp310-musllinux_1_1_x86_64.whl", hash = "sha256:22908891a380d50738e1f978667536f6c6b526a2064156203d418f4856d6e86a"},
    {url = "https://files.pythonhosted.org/packages/f6/0f/de1c4030fd669e6719277043e3b0f152a83c118dd1020cf85b51d443d04a/charset_normalizer-3.1.0-cp39-cp39-manylinux_2_17_aarch64.manylinux2014_aarch64.whl", hash = "sha256:3747443b6a904001473370d7810aa19c3a180ccd52a7157aacc264a5ac79265e"},
    {url = "https://files.pythonhosted.org/packages/f8/ed/500609cb2457b002242b090c814549997424d72690ef3058cfdfca91f68b/charset_normalizer-3.1.0-cp38-cp38-manylinux_2_17_s390x.manylinux2014_s390x.whl", hash = "sha256:78cacd03e79d009d95635e7d6ff12c21eb89b894c354bd2b2ed0b4763373693b"},
    {url = "https://files.pythonhosted.org/packages/fa/8e/2e5c742c3082bce3eea2ddd5b331d08050cda458bc362d71c48e07a44719/charset_normalizer-3.1.0-cp37-cp37m-musllinux_1_1_ppc64le.whl", hash = "sha256:04afa6387e2b282cf78ff3dbce20f0cc071c12dc8f685bd40960cc68644cfea6"},
    {url = "https://files.pythonhosted.org/packages/ff/d7/8d757f8bd45be079d76309248845a04f09619a7b17d6dfc8c9ff6433cac2/charset-normalizer-3.1.0.tar.gz", hash = "sha256:34e0a2f9c370eb95597aae63bf85eb5e96826d81e3dcf88b8886012906f509b5"},
]
"idna 3.4" = [
    {url = "https://files.pythonhosted.org/packages/8b/e1/43beb3d38dba6cb420cefa297822eac205a277ab43e5ba5d5c46faf96438/idna-3.4.tar.gz", hash = "sha256:814f528e8dead7d329833b91c5faa87d60bf71824cd12a7530b5526063d02cb4"},
    {url = "https://files.pythonhosted.org/packages/fc/34/3030de6f1370931b9dbb4dad48f6ab1015ab1d32447850b9fc94e60097be/idna-3.4-py3-none-any.whl", hash = "sha256:90b77e79eaa3eba6de819a0c442c0b4ceefc341a7a2ab77d7562bf49f425c5c2"},
]
"jmespath 1.0.1" = [
    {url = "https://files.pythonhosted.org/packages/00/2a/e867e8531cf3e36b41201936b7fa7ba7b5702dbef42922193f05c8976cd6/jmespath-1.0.1.tar.gz", hash = "sha256:90261b206d6defd58fdd5e85f478bf633a2901798906be2ad389150c5c60edbe"},
    {url = "https://files.pythonhosted.org/packages/31/b4/b9b800c45527aadd64d5b442f9b932b00648617eb5d63d2c7a6587b7cafc/jmespath-1.0.1-py3-none-any.whl", hash = "sha256:02e2e4cc71b5bcab88332eebf907519190dd9e6e82107fa7f83b1003a6252980"},
]
"pydantic 1.10.6" = [
    {url = "https://files.pythonhosted.org/packages/0e/86/8a40e374bc2e93bb285e2589953781b909ad2260ff64c17012327c740282/pydantic-1.10.6-cp38-cp38-win_amd64.whl", hash = "sha256:0abd9c60eee6201b853b6c4be104edfba4f8f6c5f3623f8e1dba90634d63eb35"},
    {url = "https://files.pythonhosted.org/packages/0f/03/dd06b3194227b063b70bb896e8996497cf9a552a6a0ace60befadc44cab3/pydantic-1.10.6-cp37-cp37m-macosx_10_9_x86_64.whl", hash = "sha256:4ca83739c1263a044ec8b79df4eefc34bbac87191f0a513d00dd47d46e307a65"},
    {url = "https://files.pythonhosted.org/packages/10/b4/8c5c7e659c8fe2f00a4dd1c33a6afc05b43a495f79f5ca3510699575d30f/pydantic-1.10.6-cp311-cp311-musllinux_1_1_x86_64.whl", hash = "sha256:3ac1cd4deed871dfe0c5f63721e29debf03e2deefa41b3ed5eb5f5df287c7b70"},
    {url = "https://files.pythonhosted.org/packages/1a/5b/60b9cdffb9aea6d9dcc04a5991eb9dd3e36c4006c58847a09472637081c4/pydantic-1.10.6-cp38-cp38-musllinux_1_1_i686.whl", hash = "sha256:476f6674303ae7965730a382a8e8d7fae18b8004b7b69a56c3d8fa93968aa21c"},
    {url = "https://files.pythonhosted.org/packages/2e/bb/92faa4c5e88786d4f1b7d157b7fba300e99638dc49a1059f8b1f983f758b/pydantic-1.10.6-cp37-cp37m-musllinux_1_1_x86_64.whl", hash = "sha256:415a3f719ce518e95a92effc7ee30118a25c3d032455d13e121e3840985f2efd"},
    {url = "https://files.pythonhosted.org/packages/35/ea/90a5f5eb0514ef204474670836e5b8110655fe9f5c11af76ecf89a54ff28/pydantic-1.10.6-cp310-cp310-macosx_11_0_arm64.whl", hash = "sha256:8c32b6bba301490d9bb2bf5f631907803135e8085b6aa3e5fe5a770d46dd0160"},
    {url = "https://files.pythonhosted.org/packages/37/3b/2589fddb22425a1c29894501947da0bd094105e9a22f09d44bddb3121728/pydantic-1.10.6-cp39-cp39-manylinux_2_17_x86_64.manylinux2014_x86_64.whl", hash = "sha256:4c19eb5163167489cb1e0161ae9220dadd4fc609a42649e7e84a8fa8fff7a80f"},
    {url = "https://files.pythonhosted.org/packages/37/cc/3abca5751da2cefb01413c270a467cf2e6b3250e8eb208625c8109ece56d/pydantic-1.10.6-cp38-cp38-macosx_11_0_arm64.whl", hash = "sha256:751f008cd2afe812a781fd6aa2fb66c620ca2e1a13b6a2152b1ad51553cb4b77"},
    {url = "https://files.pythonhosted.org/packages/39/45/04e7cb7f2cb59bf6f6302c503531a8e50056e1b19d040c144d9e30f263ef/pydantic-1.10.6-cp39-cp39-macosx_11_0_arm64.whl", hash = "sha256:43cdeca8d30de9a897440e3fb8866f827c4c31f6c73838e3a01a14b03b067b1d"},
    {url = "https://files.pythonhosted.org/packages/44/d7/00df4bf20b38a79e6f797bdcec7789fa31205967c70f26fa4b82a445071e/pydantic-1.10.6-cp310-cp310-macosx_10_9_x86_64.whl", hash = "sha256:f9289065611c48147c1dd1fd344e9d57ab45f1d99b0fb26c51f1cf72cd9bcd31"},
    {url = "https://files.pythonhosted.org/packages/46/2c/963584c1b7e0d94fe768070731ddef35366077f8a374ca4e03e2a4379bbe/pydantic-1.10.6-cp37-cp37m-win_amd64.whl", hash = "sha256:72cb30894a34d3a7ab6d959b45a70abac8a2a93b6480fc5a7bfbd9c935bdc4fb"},
    {url = "https://files.pythonhosted.org/packages/48/e7/445974641d4a8a031fa96122d542e504d03d7e0f7824b36954336e7de11f/pydantic-1.10.6-cp38-cp38-musllinux_1_1_x86_64.whl", hash = "sha256:3a2be0a0f32c83265fd71a45027201e1278beaa82ea88ea5b345eea6afa9ac7f"},
    {url = "https://files.pythonhosted.org/packages/4b/7c/2d8f431a995f8d0241f82bf64a293b3b46671884bca970fa9decda772d3c/pydantic-1.10.6-cp38-cp38-manylinux_2_17_x86_64.manylinux2014_x86_64.whl", hash = "sha256:12e837fd320dd30bd625be1b101e3b62edc096a49835392dcf418f1a5ac2b832"},
    {url = "https://files.pythonhosted.org/packages/55/f3/0dd8541b3e612b566080d8116d9f16edc127097200de0e60db2b4b12a419/pydantic-1.10.6-cp310-cp310-musllinux_1_1_i686.whl", hash = "sha256:b41822064585fea56d0116aa431fbd5137ce69dfe837b599e310034171996084"},
    {url = "https://files.pythonhosted.org/packages/69/8a/7f6107354a4ae9c3b94448981083a767549d45d105de3055e59277a1a1c1/pydantic-1.10.6-cp39-cp39-musllinux_1_1_i686.whl", hash = "sha256:528dcf7ec49fb5a84bf6fe346c1cc3c55b0e7603c2123881996ca3ad79db5bfc"},
    {url = "https://files.pythonhosted.org/packages/73/ba/35725b0aee7a34e35e6c00f369645649f92de1e5105349a209b29a829a69/pydantic-1.10.6-cp38-cp38-macosx_10_9_x86_64.whl", hash = "sha256:3091d2eaeda25391405e36c2fc2ed102b48bac4b384d42b2267310abae350ca6"},
    {url = "https://files.pythonhosted.org/packages/74/73/ff4d55b3735e900d8f83e42a45b8ede51021653ee0e4b69ed86e84560506/pydantic-1.10.6-cp310-cp310-musllinux_1_1_x86_64.whl", hash = "sha256:61f1f08adfaa9cc02e0cbc94f478140385cbd52d5b3c5a657c2fceb15de8d1fb"},
    {url = "https://files.pythonhosted.org/packages/76/1d/f55ebbfa6d00c95f0e471c148916859a96f7eee3af369dcc7d503aa0dbd4/pydantic-1.10.6-cp37-cp37m-manylinux_2_5_i686.manylinux1_i686.manylinux_2_17_i686.manylinux2014_i686.whl", hash = "sha256:53de12b4608290992a943801d7756f18a37b7aee284b9ffa794ee8ea8153f8e2"},
    {url = "https://files.pythonhosted.org/packages/87/0f/cb18f4a236c10b331d67df90dcc1b5653875476beabf7890712a3b175cbd/pydantic-1.10.6-cp311-cp311-win_amd64.whl", hash = "sha256:b1eb6610330a1dfba9ce142ada792f26bbef1255b75f538196a39e9e90388bf4"},
    {url = "https://files.pythonhosted.org/packages/88/09/1bc6ad530de4551e4bfbd7672d82e7b40b1207241145a6314478a172184c/pydantic-1.10.6-cp39-cp39-manylinux_2_5_i686.manylinux1_i686.manylinux_2_17_i686.manylinux2014_i686.whl", hash = "sha256:012c99a9c0d18cfde7469aa1ebff922e24b0c706d03ead96940f5465f2c9cf62"},
    {url = "https://files.pythonhosted.org/packages/8b/87/200171b36005368bc4c114f01cb9e8ae2a3f3325a47da8c710cc58cfd00c/pydantic-1.10.6.tar.gz", hash = "sha256:cf95adb0d1671fc38d8c43dd921ad5814a735e7d9b4d9e437c088002863854fd"},
    {url = "https://files.pythonhosted.org/packages/90/dc/8299d37154ffb5d5cb971fbe22abb3aa190fc79c6ff1ab47bd5265ce5466/pydantic-1.10.6-cp311-cp311-manylinux_2_5_i686.manylinux1_i686.manylinux_2_17_i686.manylinux2014_i686.whl", hash = "sha256:b243b564cea2576725e77aeeda54e3e0229a168bc587d536cd69941e6797543d"},
    {url = "https://files.pythonhosted.org/packages/9f/ee/1199f07af1e07492803e3d91ad9a92a2ef972a7d2f1f07f12f12d56fdb18/pydantic-1.10.6-cp310-cp310-manylinux_2_17_x86_64.manylinux2014_x86_64.whl", hash = "sha256:fd9b9e98068fa1068edfc9eabde70a7132017bdd4f362f8b4fd0abed79c33083"},
    {url = "https://files.pythonhosted.org/packages/a3/c3/d1360d4a8c8dea047b12c383cd5710720d7b31c1277f95d6b53e1307eebc/pydantic-1.10.6-cp39-cp39-musllinux_1_1_x86_64.whl", hash = "sha256:163e79386c3547c49366e959d01e37fc30252285a70619ffc1b10ede4758250a"},
    {url = "https://files.pythonhosted.org/packages/ad/61/d5edbe39b070fa666ce95353084be1c5aea209601b2221204cb41a1635f2/pydantic-1.10.6-cp38-cp38-manylinux_2_5_i686.manylinux1_i686.manylinux_2_17_i686.manylinux2014_i686.whl", hash = "sha256:587d92831d0115874d766b1f5fddcdde0c5b6c60f8c6111a394078ec227fca6d"},
    {url = "https://files.pythonhosted.org/packages/b7/fa/dc742086cdae06c6f866dce887dae7de8bf29b100c871b9fd6b989d4f501/pydantic-1.10.6-cp311-cp311-manylinux_2_17_x86_64.manylinux2014_x86_64.whl", hash = "sha256:89f15277d720aa57e173954d237628a8d304896364b9de745dcb722f584812c7"},
    {url = "https://files.pythonhosted.org/packages/bf/0d/80f666d9951485ce05ec2e62f3c2ef313e2a272a6fefbd0e7d48163dabd9/pydantic-1.10.6-cp37-cp37m-manylinux_2_17_x86_64.manylinux2014_x86_64.whl", hash = "sha256:ea4e2a7cb409951988e79a469f609bba998a576e6d7b9791ae5d1e0619e1c0f2"},
    {url = "https://files.pythonhosted.org/packages/c6/18/c2212763c05bcbf5bf7c71e92e205c61e519be4e661947ab19063eab87af/pydantic-1.10.6-cp311-cp311-macosx_11_0_arm64.whl", hash = "sha256:e277bd18339177daa62a294256869bbe84df1fb592be2716ec62627bb8d7c81d"},
    {url = "https://files.pythonhosted.org/packages/cb/7e/47b7f6d47673b0f42a08b5e4ca95bdb99aa89136bc453866042cca9a36c7/pydantic-1.10.6-cp39-cp39-macosx_10_9_x86_64.whl", hash = "sha256:6195ca908045054dd2d57eb9c39a5fe86409968b8040de8c2240186da0769da7"},
    {url = "https://files.pythonhosted.org/packages/d2/a9/09f668d851ae70d8513337489f91a16e2eca5524c3e0405d38291d043744/pydantic-1.10.6-cp310-cp310-win_amd64.whl", hash = "sha256:32937835e525d92c98a1512218db4eed9ddc8f4ee2a78382d77f54341972c0e7"},
    {url = "https://files.pythonhosted.org/packages/d4/23/f707aa3dda65ec019a00f3f8c0c473d1d259109d17b978b2cdf2dabb6222/pydantic-1.10.6-cp310-cp310-manylinux_2_5_i686.manylinux1_i686.manylinux_2_17_i686.manylinux2014_i686.whl", hash = "sha256:1c84583b9df62522829cbc46e2b22e0ec11445625b5acd70c5681ce09c9b11c4"},
    {url = "https://files.pythonhosted.org/packages/dd/73/cc7e962d40a7c6abf7dd210d3ba78afccb17dd2fb6d9c3ef7add028ef010/pydantic-1.10.6-py3-none-any.whl", hash = "sha256:acc6783751ac9c9bc4680379edd6d286468a1dc8d7d9906cd6f1186ed682b2b0"},
    {url = "https://files.pythonhosted.org/packages/e2/71/f6db40d01d0cde80471fdc0e96193f2e6f61ec0e6f24c7b362f1269d4361/pydantic-1.10.6-cp39-cp39-win_amd64.whl", hash = "sha256:189318051c3d57821f7233ecc94708767dd67687a614a4e8f92b4a020d4ffd06"},
    {url = "https://files.pythonhosted.org/packages/eb/a3/f24c038a5f11316ea28daa70110e7254250452ff0305662b0f53abe27c8f/pydantic-1.10.6-cp311-cp311-musllinux_1_1_i686.whl", hash = "sha256:3ce13a558b484c9ae48a6a7c184b1ba0e5588c5525482681db418268e5f86186"},
    {url = "https://files.pythonhosted.org/packages/f5/09/3f2ad426d20d2d353432f1c76290fa3c9863e2c04e05382ccca2aeade4c3/pydantic-1.10.6-cp311-cp311-macosx_10_9_x86_64.whl", hash = "sha256:bbd5c531b22928e63d0cb1868dee76123456e1de2f1cb45879e9e7a3f3f1779b"},
    {url = "https://files.pythonhosted.org/packages/f5/56/64028e205064748d6015a1afd6111c06f2b90982636850a3e157a7180ed5/pydantic-1.10.6-cp37-cp37m-musllinux_1_1_i686.whl", hash = "sha256:60184e80aac3b56933c71c48d6181e630b0fbc61ae455a63322a66a23c14731a"},
]
"python-dateutil 2.8.2" = [
    {url = "https://files.pythonhosted.org/packages/36/7a/87837f39d0296e723bb9b62bbb257d0355c7f6128853c78955f57342a56d/python_dateutil-2.8.2-py2.py3-none-any.whl", hash = "sha256:961d03dc3453ebbc59dbdea9e4e11c5651520a876d0f4db161e8674aae935da9"},
    {url = "https://files.pythonhosted.org/packages/4c/c4/13b4776ea2d76c115c1d1b84579f3764ee6d57204f6be27119f13a61d0a9/python-dateutil-2.8.2.tar.gz", hash = "sha256:0123cacc1627ae19ddf3c27a5de5bd67ee4586fbdd6440d9748f8abb483d3e86"},
]
"requests 2.28.2" = [
    {url = "https://files.pythonhosted.org/packages/9d/ee/391076f5937f0a8cdf5e53b701ffc91753e87b07d66bae4a09aa671897bf/requests-2.28.2.tar.gz", hash = "sha256:98b1b2782e3c6c4904938b84c0eb932721069dfdb9134313beff7c83c2df24bf"},
    {url = "https://files.pythonhosted.org/packages/d2/f4/274d1dbe96b41cf4e0efb70cbced278ffd61b5c7bb70338b62af94ccb25b/requests-2.28.2-py3-none-any.whl", hash = "sha256:64299f4909223da747622c030b781c0d7811e359c37124b4bd368fb8c6518baa"},
]
"s3transfer 0.6.0" = [
    {url = "https://files.pythonhosted.org/packages/5e/c6/af903b5fab3f9b5b1e883f49a770066314c6dcceb589cf938d48c89556c1/s3transfer-0.6.0-py3-none-any.whl", hash = "sha256:06176b74f3a15f61f1b4f25a1fc29a4429040b7647133a463da8fa5bd28d5ecd"},
    {url = "https://files.pythonhosted.org/packages/e1/eb/e57c93d5cd5edf8c1d124c831ef916601540db70acd96fa21fe60cef1365/s3transfer-0.6.0.tar.gz", hash = "sha256:2ed07d3866f523cc561bf4a00fc5535827981b117dd7876f036b0c1aca42c947"},
]
"six 1.16.0" = [
    {url = "https://files.pythonhosted.org/packages/71/39/171f1c67cd00715f190ba0b100d606d440a28c93c7714febeca8b79af85e/six-1.16.0.tar.gz", hash = "sha256:1e61c37477a1626458e36f7b1d82aa5c9b094fa4802892072e49de9c60c4c926"},
    {url = "https://files.pythonhosted.org/packages/d9/5a/e7c31adbe875f2abbb91bd84cf2dc52d792b5a01506781dbcf25c91daf11/six-1.16.0-py2.py3-none-any.whl", hash = "sha256:8abb2f1d86890a2dfb989f9a77cfcfd3e47c2a354b01111771326f8aa26e0254"},
]
"typing-extensions 4.5.0" = [
    {url = "https://files.pythonhosted.org/packages/31/25/5abcd82372d3d4a3932e1fa8c3dbf9efac10cc7c0d16e78467460571b404/typing_extensions-4.5.0-py3-none-any.whl", hash = "sha256:fb33085c39dd998ac16d1431ebc293a8b3eedd00fd4a32de0ff79002c19511b4"},
    {url = "https://files.pythonhosted.org/packages/d3/20/06270dac7316220643c32ae61694e451c98f8caf4c8eab3aa80a2bedf0df/typing_extensions-4.5.0.tar.gz", hash = "sha256:5cb5f4a79139d699607b3ef622a1dedafa84e115ab0024e0d9c044a9479ca7cb"},
]
"urllib3 1.26.14" = [
    {url = "https://files.pythonhosted.org/packages/c5/52/fe421fb7364aa738b3506a2d99e4f3a56e079c0a798e9f4fa5e14c60922f/urllib3-1.26.14.tar.gz", hash = "sha256:076907bf8fd355cde77728471316625a4d2f7e713c125f51953bb5b3eecf4f72"},
    {url = "https://files.pythonhosted.org/packages/fe/ca/466766e20b767ddb9b951202542310cba37ea5f2d792dae7589f1741af58/urllib3-1.26.14-py2.py3-none-any.whl", hash = "sha256:75edcdc2f7d85b137124a6c3c9fc3933cdeaa12ecb9a6a959f22797a0feca7e1"},
]
"watchdog 2.3.1" = [
    {url = "https://files.pythonhosted.org/packages/05/72/b7d506e9a67ade08cc9f5b79f6191e8c2ef8eafcae20b8f6d1f84c65ce8d/watchdog-2.3.1-cp38-cp38-macosx_11_0_arm64.whl", hash = "sha256:ea5d86d1bcf4a9d24610aa2f6f25492f441960cf04aed2bd9a97db439b643a7b"},
    {url = "https://files.pythonhosted.org/packages/15/ab/8fe9a2d0aab954b6669e1c500131782704b2653ece48c9dacb982cc601fe/watchdog-2.3.1-pp39-pypy39_pp73-macosx_10_9_x86_64.whl", hash = "sha256:03f342a9432fe08107defbe8e405a2cb922c5d00c4c6c168c68b633c64ce6190"},
    {url = "https://files.pythonhosted.org/packages/1e/68/1efdedc26132a6f65712654c56f09b3c2f98e1b6e9178b94c2ffeed04271/watchdog-2.3.1-py3-none-manylinux2014_i686.whl", hash = "sha256:7a1876f660e32027a1a46f8a0fa5747ad4fcf86cb451860eae61a26e102c8c79"},
    {url = "https://files.pythonhosted.org/packages/2d/bf/0a52a562812b2e856bee283aa547944d52d4145eee1d55511ccbe3280a5a/watchdog-2.3.1-cp310-cp310-macosx_10_9_x86_64.whl", hash = "sha256:564e7739abd4bd348aeafbf71cc006b6c0ccda3160c7053c4a53b67d14091d42"},
    {url = "https://files.pythonhosted.org/packages/4c/0c/9952176a2d8a775be3a2f360bf1be97e9ebc6c82b05592600dff1e53e607/watchdog-2.3.1-py3-none-win_ia64.whl", hash = "sha256:4109cccf214b7e3462e8403ab1e5b17b302ecce6c103eb2fc3afa534a7f27b96"},
    {url = "https://files.pythonhosted.org/packages/4d/9b/25e1250d65295124d3b0600e578fe5b901d1c626bbcbb33539aee873f95d/watchdog-2.3.1-py3-none-manylinux2014_ppc64.whl", hash = "sha256:2caf77ae137935c1466f8cefd4a3aec7017b6969f425d086e6a528241cba7256"},
    {url = "https://files.pythonhosted.org/packages/51/45/c030859e146a823ddbd193921459690899c9d99f84ac620b00937c47db86/watchdog-2.3.1-pp38-pypy38_pp73-macosx_10_9_x86_64.whl", hash = "sha256:3d2dbcf1acd96e7a9c9aefed201c47c8e311075105d94ce5e899f118155709fd"},
    {url = "https://files.pythonhosted.org/packages/62/21/033cb33d76f00dd3032d5542d6ae79e9d349c67eb7895de48fecda542be2/watchdog-2.3.1-cp39-cp39-macosx_10_9_universal2.whl", hash = "sha256:6f5d0f7eac86807275eba40b577c671b306f6f335ba63a5c5a348da151aba0fc"},
    {url = "https://files.pythonhosted.org/packages/6e/d5/061443b2cc73ca32a533b008df5fb130e5e44e450f7d87b724aac303c720/watchdog-2.3.1-cp310-cp310-macosx_11_0_arm64.whl", hash = "sha256:95ad708a9454050a46f741ba5e2f3468655ea22da1114e4c40b8cbdaca572565"},
    {url = "https://files.pythonhosted.org/packages/72/10/be6189e00e5e2d93bd82703cc0eb07cb4c7037e447e72d2f02f641c9ada4/watchdog-2.3.1-cp38-cp38-macosx_10_9_universal2.whl", hash = "sha256:85bf2263290591b7c5fa01140601b64c831be88084de41efbcba6ea289874f44"},
    {url = "https://files.pythonhosted.org/packages/73/fc/c0baded1c537122611aac5fded8a6436af6b1460744cb3fa802678088877/watchdog-2.3.1-cp37-cp37m-macosx_10_9_x86_64.whl", hash = "sha256:efe3252137392a471a2174d721e1037a0e6a5da7beb72a021e662b7000a9903f"},
    {url = "https://files.pythonhosted.org/packages/74/6e/ba47e5856aaf8df80d689519d1f3097f310976708515a67aa2eccf8ce615/watchdog-2.3.1-py3-none-manylinux2014_ppc64le.whl", hash = "sha256:53f3e95081280898d9e4fc51c5c69017715929e4eea1ab45801d5e903dd518ad"},
    {url = "https://files.pythonhosted.org/packages/76/11/6651e259e27c10d4ec1c88c5ea4bf641b3782f98764525c425562099a814/watchdog-2.3.1-cp39-cp39-macosx_10_9_x86_64.whl", hash = "sha256:5b848c71ef2b15d0ef02f69da8cc120d335cec0ed82a3fa7779e27a5a8527225"},
    {url = "https://files.pythonhosted.org/packages/79/21/ffd41427b724a6468c6c5c7f083f8e59948eabe2538538e3a15ff15c33cb/watchdog-2.3.1-py3-none-manylinux2014_x86_64.whl", hash = "sha256:8a4d484e846dcd75e96b96d80d80445302621be40e293bfdf34a631cab3b33dc"},
    {url = "https://files.pythonhosted.org/packages/92/2a/cfa6e32f200b304f647374eff1779cd66f7f714d152d3e84f2f813d2ddd9/watchdog-2.3.1-py3-none-win32.whl", hash = "sha256:a74155398434937ac2780fd257c045954de5b11b5c52fc844e2199ce3eecf4cf"},
    {url = "https://files.pythonhosted.org/packages/a5/17/a31fc6b90ff861a27debd0650bfbca17e074fdc3e037f392872fad76c726/watchdog-2.3.1.tar.gz", hash = "sha256:d9f9ed26ed22a9d331820a8432c3680707ea8b54121ddcc9dc7d9f2ceeb36906"},
    {url = "https://files.pythonhosted.org/packages/b1/ea/84ea18b982d2c03085b3ca03c08d975afadbe75ef1db015fe8de2e21052b/watchdog-2.3.1-cp38-cp38-macosx_10_9_x86_64.whl", hash = "sha256:8f2df370cd8e4e18499dd0bfdef476431bcc396108b97195d9448d90924e3131"},
    {url = "https://files.pythonhosted.org/packages/b2/f1/0aadffdba6ffec3a209c3ebfd81ba0a87b8569147fa974236b4115eb02ac/watchdog-2.3.1-cp39-cp39-macosx_11_0_arm64.whl", hash = "sha256:0d9878be36d2b9271e3abaa6f4f051b363ff54dbbe7e7df1af3c920e4311ee43"},
    {url = "https://files.pythonhosted.org/packages/be/fc/fb45f9d64ec043bd92b2c3e36754d68a09991e670d53ad39060a0be0ae03/watchdog-2.3.1-py3-none-manylinux2014_armv7l.whl", hash = "sha256:0e1dd6d449267cc7d6935d7fe27ee0426af6ee16578eed93bacb1be9ff824d2d"},
    {url = "https://files.pythonhosted.org/packages/c4/08/ede6b9c674c429f80c79e00ceb457bc3d01f18f4f71e7e7e986604b39c16/watchdog-2.3.1-py3-none-manylinux2014_aarch64.whl", hash = "sha256:7a596f9415a378d0339681efc08d2249e48975daae391d58f2e22a3673b977cf"},
    {url = "https://files.pythonhosted.org/packages/c6/b4/5b4a76b566d1e55a1b90b183775e8b502fe0aefb076128778843f223e392/watchdog-2.3.1-py3-none-win_amd64.whl", hash = "sha256:5defe4f0918a2a1a4afbe4dbb967f743ac3a93d546ea4674567806375b024adb"},
    {url = "https://files.pythonhosted.org/packages/c7/1d/052f751f9b8de2a5d7d11954eb533221351300ea810da934defaeacd12c0/watchdog-2.3.1-pp37-pypy37_pp73-macosx_10_9_x86_64.whl", hash = "sha256:4cd61f98cb37143206818cb1786d2438626aa78d682a8f2ecee239055a9771d5"},
    {url = "https://files.pythonhosted.org/packages/d1/5b/0451ca41393aab9246294431c0aaab81efa3a53d2e8c1b1596f5f7a8035c/watchdog-2.3.1-cp311-cp311-macosx_10_9_universal2.whl", hash = "sha256:a073c91a6ef0dda488087669586768195c3080c66866144880f03445ca23ef16"},
    {url = "https://files.pythonhosted.org/packages/d6/8d/ebdd845d3cee8ca1802a89b5c7fda18f5b8c85e74e632a53145971514958/watchdog-2.3.1-cp36-cp36m-macosx_10_9_x86_64.whl", hash = "sha256:91fd146d723392b3e6eb1ac21f122fcce149a194a2ba0a82c5e4d0ee29cd954c"},
    {url = "https://files.pythonhosted.org/packages/dd/5c/4bd82db65cee7287359abc1369a06a40b2e3d100d5e84b97d5019ab9fc27/watchdog-2.3.1-cp311-cp311-macosx_10_9_x86_64.whl", hash = "sha256:aa8b028750b43e80eea9946d01925168eeadb488dfdef1d82be4b1e28067f375"},
    {url = "https://files.pythonhosted.org/packages/f4/2d/ad35f33b7bfeac899bc31aaf12f4ee7fa53cc2710ad1274654c1dd63a6f1/watchdog-2.3.1-py3-none-manylinux2014_s390x.whl", hash = "sha256:9da7acb9af7e4a272089bd2af0171d23e0d6271385c51d4d9bde91fe918c53ed"},
    {url = "https://files.pythonhosted.org/packages/f4/e4/a6270a3c28872d46e53cbae034715ff80c18856167091f548aa93ad2d92b/watchdog-2.3.1-cp311-cp311-macosx_11_0_arm64.whl", hash = "sha256:964fd236cd443933268ae49b59706569c8b741073dbfd7ca705492bae9d39aab"},
    {url = "https://files.pythonhosted.org/packages/fb/3a/ad9bf1927f344bbd161359d22771020748c4c82ea4dd45abcfe46e084655/watchdog-2.3.1-cp310-cp310-macosx_10_9_universal2.whl", hash = "sha256:d1f1200d4ec53b88bf04ab636f9133cb703eb19768a39351cee649de21a33697"},
]
